
Microsoft Visual Studio Solution File, Format Version 12.00
# Visual Studio 15
VisualStudioVersion = 15.0.27703.2035
MinimumVisualStudioVersion = 10.0.40219.1
Project("{9A19103F-16F7-4668-BE54-9A1E7A4F7556}") = "Injector", "Injector\Injector.csproj", "{F12AFA3E-BA56-4B03-981A-AF7C0DFCAB63}"
EndProject
Project("{FAE04EC0-301F-11D3-BF4B-00C04F79EFBC}") = "Injector.Tests", "Injector.Tests\Injector.Tests.csproj", "{39FC347D-BDC7-42CC-8539-36F0B256D65C}"
EndProject
Global
	GlobalSection(SolutionConfigurationPlatforms) = preSolution
		Debug|Any CPU = Debug|Any CPU
		Release|Any CPU = Release|Any CPU
	EndGlobalSection
	GlobalSection(ProjectConfigurationPlatforms) = postSolution
		{F12AFA3E-BA56-4B03-981A-AF7C0DFCAB63}.Debug|Any CPU.ActiveCfg = Debug|Any CPU
		{F12AFA3E-BA56-4B03-981A-AF7C0DFCAB63}.Debug|Any CPU.Build.0 = Debug|Any CPU
		{F12AFA3E-BA56-4B03-981A-AF7C0DFCAB63}.Release|Any CPU.ActiveCfg = Release|Any CPU
		{F12AFA3E-BA56-4B03-981A-AF7C0DFCAB63}.Release|Any CPU.Build.0 = Release|Any CPU
		{39FC347D-BDC7-42CC-8539-36F0B256D65C}.Debug|Any CPU.ActiveCfg = Debug|Any CPU
		{39FC347D-BDC7-42CC-8539-36F0B256D65C}.Debug|Any CPU.Build.0 = Debug|Any CPU
		{39FC347D-BDC7-42CC-8539-36F0B256D65C}.Release|Any CPU.ActiveCfg = Release|Any CPU
		{39FC347D-BDC7-42CC-8539-36F0B256D65C}.Release|Any CPU.Build.0 = Release|Any CPU
	EndGlobalSection
	GlobalSection(SolutionProperties) = preSolution
		HideSolutionNode = FALSE
	EndGlobalSection
	GlobalSection(ExtensibilityGlobals) = postSolution
		SolutionGuid = {E836F262-7532-4785-BF5F-36401F5DFCBA}
	EndGlobalSection
EndGlobal
